// !$*UTF8*$!
{
	archiveVersion = 1;
	classes = {
	};
	objectVersion = 46;
	objects = {

/* Begin PBXBuildFile section */
		91C9AA2744851FABEF3C3CBF /* libPods-test2.a in Frameworks */ = {isa = PBXBuildFile; fileRef = 50493D258B3202672BB770BB /* libPods-test2.a */; };
		BBB95D4A1B7E3EF2004E192E /* main.m in Sources */ = {isa = PBXBuildFile; fileRef = BBB95D491B7E3EF2004E192E /* main.m */; };
		BBB95D4D1B7E3EF2004E192E /* AppDelegate.m in Sources */ = {isa = PBXBuildFile; fileRef = BBB95D4C1B7E3EF2004E192E /* AppDelegate.m */; };
		BBB95D501B7E3EF2004E192E /* ViewController.m in Sources */ = {isa = PBXBuildFile; fileRef = BBB95D4F1B7E3EF2004E192E /* ViewController.m */; };
		BBB95D531B7E3EF2004E192E /* Main.storyboard in Resources */ = {isa = PBXBuildFile; fileRef = BBB95D511B7E3EF2004E192E /* Main.storyboard */; };
		BBB95D551B7E3EF2004E192E /* Images.xcassets in Resources */ = {isa = PBXBuildFile; fileRef = BBB95D541B7E3EF2004E192E /* Images.xcassets */; };
		BBB95D581B7E3EF2004E192E /* LaunchScreen.xib in Resources */ = {isa = PBXBuildFile; fileRef = BBB95D561B7E3EF2004E192E /* LaunchScreen.xib */; };
		BBB95D641B7E3EF2004E192E /* test2Tests.m in Sources */ = {isa = PBXBuildFile; fileRef = BBB95D631B7E3EF2004E192E /* test2Tests.m */; };
		BBB95D721B7E7584004E192E /* TableCell.m in Sources */ = {isa = PBXBuildFile; fileRef = BBB95D711B7E7584004E192E /* TableCell.m */; };
		BBB95D751B7E76AE004E192E /* TableViewController.m in Sources */ = {isa = PBXBuildFile; fileRef = BBB95D741B7E76AE004E192E /* TableViewController.m */; };
		BBB95D781B7E9214004E192E /* Photo.m in Sources */ = {isa = PBXBuildFile; fileRef = BBB95D771B7E9214004E192E /* Photo.m */; };
		BBB95D7C1B823922004E192E /* UploadPhotoViewController.m in Sources */ = {isa = PBXBuildFile; fileRef = BBB95D7B1B823922004E192E /* UploadPhotoViewController.m */; };
/* End PBXBuildFile section */

/* Begin PBXContainerItemProxy section */
		BBB95D5E1B7E3EF2004E192E /* PBXContainerItemProxy */ = {
			isa = PBXContainerItemProxy;
			containerPortal = BBB95D3C1B7E3EF2004E192E /* Project object */;
			proxyType = 1;
			remoteGlobalIDString = BBB95D431B7E3EF2004E192E;
			remoteInfo = test2;
		};
/* End PBXContainerItemProxy section */

/* Begin PBXFileReference section */
		50493D258B3202672BB770BB /* libPods-test2.a */ = {isa = PBXFileReference; explicitFileType = archive.ar; includeInIndex = 0; path = "libPods-test2.a"; sourceTree = BUILT_PRODUCTS_DIR; };
		BBB95D441B7E3EF2004E192E /* test2.app */ = {isa = PBXFileReference; explicitFileType = wrapper.application; includeInIndex = 0; path = test2.app; sourceTree = BUILT_PRODUCTS_DIR; };
		BBB95D481B7E3EF2004E192E /* Info.plist */ = {isa = PBXFileReference; lastKnownFileType = text.plist.xml; path = Info.plist; sourceTree = "<group>"; };
		BBB95D491B7E3EF2004E192E /* main.m */ = {isa = PBXFileReference; lastKnownFileType = sourcecode.c.objc; path = main.m; sourceTree = "<group>"; };
		BBB95D4B1B7E3EF2004E192E /* AppDelegate.h */ = {isa = PBXFileReference; lastKnownFileType = sourcecode.c.h; path = AppDelegate.h; sourceTree = "<group>"; };
		BBB95D4C1B7E3EF2004E192E /* AppDelegate.m */ = {isa = PBXFileReference; lastKnownFileType = sourcecode.c.objc; path = AppDelegate.m; sourceTree = "<group>"; };
		BBB95D4E1B7E3EF2004E192E /* ViewController.h */ = {isa = PBXFileReference; lastKnownFileType = sourcecode.c.h; path = ViewController.h; sourceTree = "<group>"; };
		BBB95D4F1B7E3EF2004E192E /* ViewController.m */ = {isa = PBXFileReference; lastKnownFileType = sourcecode.c.objc; path = ViewController.m; sourceTree = "<group>"; };
		BBB95D521B7E3EF2004E192E /* Base */ = {isa = PBXFileReference; lastKnownFileType = file.storyboard; name = Base; path = Base.lproj/Main.storyboard; sourceTree = "<group>"; };
		BBB95D541B7E3EF2004E192E /* Images.xcassets */ = {isa = PBXFileReference; lastKnownFileType = folder.assetcatalog; path = Images.xcassets; sourceTree = "<group>"; };
		BBB95D571B7E3EF2004E192E /* Base */ = {isa = PBXFileReference; lastKnownFileType = file.xib; name = Base; path = Base.lproj/LaunchScreen.xib; sourceTree = "<group>"; };
		BBB95D5D1B7E3EF2004E192E /* test2Tests.xctest */ = {isa = PBXFileReference; explicitFileType = wrapper.cfbundle; includeInIndex = 0; path = test2Tests.xctest; sourceTree = BUILT_PRODUCTS_DIR; };
		BBB95D621B7E3EF2004E192E /* Info.plist */ = {isa = PBXFileReference; lastKnownFileType = text.plist.xml; path = Info.plist; sourceTree = "<group>"; };
		BBB95D631B7E3EF2004E192E /* test2Tests.m */ = {isa = PBXFileReference; lastKnownFileType = sourcecode.c.objc; path = test2Tests.m; sourceTree = "<group>"; };
		BBB95D701B7E7584004E192E /* TableCell.h */ = {isa = PBXFileReference; fileEncoding = 4; lastKnownFileType = sourcecode.c.h; path = TableCell.h; sourceTree = "<group>"; };
		BBB95D711B7E7584004E192E /* TableCell.m */ = {isa = PBXFileReference; fileEncoding = 4; lastKnownFileType = sourcecode.c.objc; path = TableCell.m; sourceTree = "<group>"; };
		BBB95D731B7E76AE004E192E /* TableViewController.h */ = {isa = PBXFileReference; fileEncoding = 4; lastKnownFileType = sourcecode.c.h; path = TableViewController.h; sourceTree = "<group>"; };
		BBB95D741B7E76AE004E192E /* TableViewController.m */ = {isa = PBXFileReference; fileEncoding = 4; lastKnownFileType = sourcecode.c.objc; path = TableViewController.m; sourceTree = "<group>"; };
		BBB95D761B7E9214004E192E /* Photo.h */ = {isa = PBXFileReference; fileEncoding = 4; lastKnownFileType = sourcecode.c.h; path = Photo.h; sourceTree = "<group>"; };
		BBB95D771B7E9214004E192E /* Photo.m */ = {isa = PBXFileReference; fileEncoding = 4; lastKnownFileType = sourcecode.c.objc; path = Photo.m; sourceTree = "<group>"; };
		BBB95D7A1B823922004E192E /* UploadPhotoViewController.h */ = {isa = PBXFileReference; fileEncoding = 4; lastKnownFileType = sourcecode.c.h; path = UploadPhotoViewController.h; sourceTree = "<group>"; };
		BBB95D7B1B823922004E192E /* UploadPhotoViewController.m */ = {isa = PBXFileReference; fileEncoding = 4; lastKnownFileType = sourcecode.c.objc; path = UploadPhotoViewController.m; sourceTree = "<group>"; };
		DAB661D038478C2C98CA0695 /* Pods-test2.debug.xcconfig */ = {isa = PBXFileReference; includeInIndex = 1; lastKnownFileType = text.xcconfig; name = "Pods-test2.debug.xcconfig"; path = "Pods/Target Support Files/Pods-test2/Pods-test2.debug.xcconfig"; sourceTree = "<group>"; };
		DAD3291B16F852C28F0B537C /* Pods-test2.release.xcconfig */ = {isa = PBXFileReference; includeInIndex = 1; lastKnownFileType = text.xcconfig; name = "Pods-test2.release.xcconfig"; path = "Pods/Target Support Files/Pods-test2/Pods-test2.release.xcconfig"; sourceTree = "<group>"; };
/* End PBXFileReference section */

/* Begin PBXFrameworksBuildPhase section */
		BBB95D411B7E3EF2004E192E /* Frameworks */ = {
			isa = PBXFrameworksBuildPhase;
			buildActionMask = 2147483647;
			files = (
				91C9AA2744851FABEF3C3CBF /* libPods-test2.a in Frameworks */,
			);
			runOnlyForDeploymentPostprocessing = 0;
		};
		BBB95D5A1B7E3EF2004E192E /* Frameworks */ = {
			isa = PBXFrameworksBuildPhase;
			buildActionMask = 2147483647;
			files = (
			);
			runOnlyForDeploymentPostprocessing = 0;
		};
/* End PBXFrameworksBuildPhase section */

/* Begin PBXGroup section */
		BBB95D3B1B7E3EF2004E192E = {
			isa = PBXGroup;
			children = (
				BBB95D461B7E3EF2004E192E /* test2 */,
				BBB95D601B7E3EF2004E192E /* test2Tests */,
				BBB95D451B7E3EF2004E192E /* Products */,
				EAD75F00F16AB0E8B9FC109A /* Pods */,
				C3812766821A966199D9BD66 /* Frameworks */,
			);
			sourceTree = "<group>";
		};
		BBB95D451B7E3EF2004E192E /* Products */ = {
			isa = PBXGroup;
			children = (
				BBB95D441B7E3EF2004E192E /* test2.app */,
				BBB95D5D1B7E3EF2004E192E /* test2Tests.xctest */,
			);
			name = Products;
			sourceTree = "<group>";
		};
		BBB95D461B7E3EF2004E192E /* test2 */ = {
			isa = PBXGroup;
			children = (
				BBB95D7A1B823922004E192E /* UploadPhotoViewController.h */,
				BBB95D7B1B823922004E192E /* UploadPhotoViewController.m */,
				BBB95D761B7E9214004E192E /* Photo.h */,
				BBB95D771B7E9214004E192E /* Photo.m */,
				BBB95D731B7E76AE004E192E /* TableViewController.h */,
				BBB95D741B7E76AE004E192E /* TableViewController.m */,
				BBB95D701B7E7584004E192E /* TableCell.h */,
				BBB95D711B7E7584004E192E /* TableCell.m */,
				BBB95D4E1B7E3EF2004E192E /* ViewController.h */,
				BBB95D4F1B7E3EF2004E192E /* ViewController.m */,
				BBB95D511B7E3EF2004E192E /* Main.storyboard */,
				BBB95D541B7E3EF2004E192E /* Images.xcassets */,
				BBB95D561B7E3EF2004E192E /* LaunchScreen.xib */,
				BBB95D471B7E3EF2004E192E /* Supporting Files */,
			);
			path = test2;
			sourceTree = "<group>";
		};
		BBB95D471B7E3EF2004E192E /* Supporting Files */ = {
			isa = PBXGroup;
			children = (
				BBB95D4B1B7E3EF2004E192E /* AppDelegate.h */,
				BBB95D4C1B7E3EF2004E192E /* AppDelegate.m */,
				BBB95D481B7E3EF2004E192E /* Info.plist */,
				BBB95D491B7E3EF2004E192E /* main.m */,
			);
			name = "Supporting Files";
			sourceTree = "<group>";
		};
		BBB95D601B7E3EF2004E192E /* test2Tests */ = {
			isa = PBXGroup;
			children = (
				BBB95D631B7E3EF2004E192E /* test2Tests.m */,
				BBB95D611B7E3EF2004E192E /* Supporting Files */,
			);
			path = test2Tests;
			sourceTree = "<group>";
		};
		BBB95D611B7E3EF2004E192E /* Supporting Files */ = {
			isa = PBXGroup;
			children = (
				BBB95D621B7E3EF2004E192E /* Info.plist */,
			);
			name = "Supporting Files";
			sourceTree = "<group>";
		};
		C3812766821A966199D9BD66 /* Frameworks */ = {
			isa = PBXGroup;
			children = (
				50493D258B3202672BB770BB /* libPods-test2.a */,
			);
			name = Frameworks;
			sourceTree = "<group>";
		};
		EAD75F00F16AB0E8B9FC109A /* Pods */ = {
			isa = PBXGroup;
			children = (
				DAB661D038478C2C98CA0695 /* Pods-test2.debug.xcconfig */,
				DAD3291B16F852C28F0B537C /* Pods-test2.release.xcconfig */,
			);
			name = Pods;
			sourceTree = "<group>";
		};
/* End PBXGroup section */

/* Begin PBXNativeTarget section */
		BBB95D431B7E3EF2004E192E /* test2 */ = {
			isa = PBXNativeTarget;
			buildConfigurationList = BBB95D671B7E3EF2004E192E /* Build configuration list for PBXNativeTarget "test2" */;
			buildPhases = (
				4A41448F64666973A41E93EE /* Check Pods Manifest.lock */,
				BBB95D401B7E3EF2004E192E /* Sources */,
				BBB95D411B7E3EF2004E192E /* Frameworks */,
				BBB95D421B7E3EF2004E192E /* Resources */,
				B394B3469130CEC604760388 /* Copy Pods Resources */,
			);
			buildRules = (
			);
			dependencies = (
			);
			name = test2;
			productName = test2;
			productReference = BBB95D441B7E3EF2004E192E /* test2.app */;
			productType = "com.apple.product-type.application";
		};
		BBB95D5C1B7E3EF2004E192E /* test2Tests */ = {
			isa = PBXNativeTarget;
			buildConfigurationList = BBB95D6A1B7E3EF2004E192E /* Build configuration list for PBXNativeTarget "test2Tests" */;
			buildPhases = (
				BBB95D591B7E3EF2004E192E /* Sources */,
				BBB95D5A1B7E3EF2004E192E /* Frameworks */,
				BBB95D5B1B7E3EF2004E192E /* Resources */,
			);
			buildRules = (
			);
			dependencies = (
				BBB95D5F1B7E3EF2004E192E /* PBXTargetDependency */,
			);
			name = test2Tests;
			productName = test2Tests;
			productReference = BBB95D5D1B7E3EF2004E192E /* test2Tests.xctest */;
			productType = "com.apple.product-type.bundle.unit-test";
		};
/* End PBXNativeTarget section */

/* Begin PBXProject section */
		BBB95D3C1B7E3EF2004E192E /* Project object */ = {
			isa = PBXProject;
			attributes = {
				LastUpgradeCheck = 0640;
				ORGANIZATIONNAME = Juni;
				TargetAttributes = {
					BBB95D431B7E3EF2004E192E = {
						CreatedOnToolsVersion = 6.4;
					};
					BBB95D5C1B7E3EF2004E192E = {
						CreatedOnToolsVersion = 6.4;
						TestTargetID = BBB95D431B7E3EF2004E192E;
					};
				};
			};
			buildConfigurationList = BBB95D3F1B7E3EF2004E192E /* Build configuration list for PBXProject "test2" */;
			compatibilityVersion = "Xcode 3.2";
			developmentRegion = English;
			hasScannedForEncodings = 0;
			knownRegions = (
				en,
				Base,
			);
			mainGroup = BBB95D3B1B7E3EF2004E192E;
			productRefGroup = BBB95D451B7E3EF2004E192E /* Products */;
			projectDirPath = "";
			projectRoot = "";
			targets = (
				BBB95D431B7E3EF2004E192E /* test2 */,
				BBB95D5C1B7E3EF2004E192E /* test2Tests */,
			);
		};
/* End PBXProject section */

/* Begin PBXResourcesBuildPhase section */
		BBB95D421B7E3EF2004E192E /* Resources */ = {
			isa = PBXResourcesBuildPhase;
			buildActionMask = 2147483647;
			files = (
				BBB95D531B7E3EF2004E192E /* Main.storyboard in Resources */,
				BBB95D581B7E3EF2004E192E /* LaunchScreen.xib in Resources */,
				BBB95D551B7E3EF2004E192E /* Images.xcassets in Resources */,
			);
			runOnlyForDeploymentPostprocessing = 0;
		};
		BBB95D5B1B7E3EF2004E192E /* Resources */ = {
			isa = PBXResourcesBuildPhase;
			buildActionMask = 2147483647;
			files = (
			);
			runOnlyForDeploymentPostprocessing = 0;
		};
/* End PBXResourcesBuildPhase section */

/* Begin PBXShellScriptBuildPhase section */
		4A41448F64666973A41E93EE /* Check Pods Manifest.lock */ = {
			isa = PBXShellScriptBuildPhase;
			buildActionMask = 2147483647;
			files = (
			);
			inputPaths = (
			);
			name = "Check Pods Manifest.lock";
			outputPaths = (
			);
			runOnlyForDeploymentPostprocessing = 0;
			shellPath = /bin/sh;
			shellScript = "diff \"${PODS_ROOT}/../Podfile.lock\" \"${PODS_ROOT}/Manifest.lock\" > /dev/null\nif [[ $? != 0 ]] ; then\n    cat << EOM\nerror: The sandbox is not in sync with the Podfile.lock. Run 'pod install' or update your CocoaPods installation.\nEOM\n    exit 1\nfi\n";
			showEnvVarsInLog = 0;
		};
		B394B3469130CEC604760388 /* Copy Pods Resources */ = {
			isa = PBXShellScriptBuildPhase;
			buildActionMask = 2147483647;
			files = (
			);
			inputPaths = (
			);
			name = "Copy Pods Resources";
			outputPaths = (
			);
			runOnlyForDeploymentPostprocessing = 0;
			shellPath = /bin/sh;
			shellScript = "\"${SRCROOT}/Pods/Target Support Files/Pods-test2/Pods-test2-resources.sh\"\n";
			showEnvVarsInLog = 0;
		};
/* End PBXShellScriptBuildPhase section */

/* Begin PBXSourcesBuildPhase section */
		BBB95D401B7E3EF2004E192E /* Sources */ = {
			isa = PBXSourcesBuildPhase;
			buildActionMask = 2147483647;
			files = (
				BBB95D7C1B823922004E192E /* UploadPhotoViewController.m in Sources */,
				BBB95D781B7E9214004E192E /* Photo.m in Sources */,
				BBB95D501B7E3EF2004E192E /* ViewController.m in Sources */,
				BBB95D4D1B7E3EF2004E192E /* AppDelegate.m in Sources */,
				BBB95D721B7E7584004E192E /* TableCell.m in Sources */,
				BBB95D751B7E76AE004E192E /* TableViewController.m in Sources */,
				BBB95D4A1B7E3EF2004E192E /* main.m in Sources */,
			);
			runOnlyForDeploymentPostprocessing = 0;
		};
		BBB95D591B7E3EF2004E192E /* Sources */ = {
			isa = PBXSourcesBuildPhase;
			buildActionMask = 2147483647;
			files = (
				BBB95D641B7E3EF2004E192E /* test2Tests.m in Sources */,
			);
			runOnlyForDeploymentPostprocessing = 0;
		};
/* End PBXSourcesBuildPhase section */

/* Begin PBXTargetDependency section */
		BBB95D5F1B7E3EF2004E192E /* PBXTargetDependency */ = {
			isa = PBXTargetDependency;
			target = BBB95D431B7E3EF2004E192E /* test2 */;
			targetProxy = BBB95D5E1B7E3EF2004E192E /* PBXContainerItemProxy */;
		};
/* End PBXTargetDependency section */

/* Begin PBXVariantGroup section */
		BBB95D511B7E3EF2004E192E /* Main.storyboard */ = {
			isa = PBXVariantGroup;
			children = (
				BBB95D521B7E3EF2004E192E /* Base */,
			);
			name = Main.storyboard;
			sourceTree = "<group>";
		};
		BBB95D561B7E3EF2004E192E /* LaunchScreen.xib */ = {
			isa = PBXVariantGroup;
			children = (
				BBB95D571B7E3EF2004E192E /* Base */,
			);
			name = LaunchScreen.xib;
			sourceTree = "<group>";
		};
/* End PBXVariantGroup section */

/* Begin XCBuildConfiguration section */
		BBB95D651B7E3EF2004E192E /* Debug */ = {
			isa = XCBuildConfiguration;
			buildSettings = {
				ALWAYS_SEARCH_USER_PATHS = NO;
				CLANG_CXX_LANGUAGE_STANDARD = "gnu++0x";
				CLANG_CXX_LIBRARY = "libc++";
				CLANG_ENABLE_MODULES = YES;
				CLANG_ENABLE_OBJC_ARC = YES;
				CLANG_WARN_BOOL_CONVERSION = YES;
				CLANG_WARN_CONSTANT_CONVERSION = YES;
				CLANG_WARN_DIRECT_OBJC_ISA_USAGE = YES_ERROR;
				CLANG_WARN_EMPTY_BODY = YES;
				CLANG_WARN_ENUM_CONVERSION = YES;
				CLANG_WARN_INT_CONVERSION = YES;
				CLANG_WARN_OBJC_ROOT_CLASS = YES_ERROR;
				CLANG_WARN_UNREACHABLE_CODE = YES;
				CLANG_WARN__DUPLICATE_METHOD_MATCH = YES;
				"CODE_SIGN_IDENTITY[sdk=iphoneos*]" = "iPhone Developer";
				COPY_PHASE_STRIP = NO;
				DEBUG_INFORMATION_FORMAT = "dwarf-with-dsym";
				ENABLE_STRICT_OBJC_MSGSEND = YES;
				GCC_C_LANGUAGE_STANDARD = gnu99;
				GCC_DYNAMIC_NO_PIC = NO;
				GCC_NO_COMMON_BLOCKS = YES;
				GCC_OPTIMIZATION_LEVEL = 0;
				GCC_PREPROCESSOR_DEFINITIONS = (
					"DEBUG=1",
					"$(inherited)",
				);
				GCC_SYMBOLS_PRIVATE_EXTERN = NO;
				GCC_WARN_64_TO_32_BIT_CONVERSION = YES;
				GCC_WARN_ABOUT_RETURN_TYPE = YES_ERROR;
				GCC_WARN_UNDECLARED_SELECTOR = YES;
				GCC_WARN_UNINITIALIZED_AUTOS = YES_AGGRESSIVE;
				GCC_WARN_UNUSED_FUNCTION = YES;
				GCC_WARN_UNUSED_VARIABLE = YES;
				IPHONEOS_DEPLOYMENT_TARGET = 8.4;
				MTL_ENABLE_DEBUG_INFO = YES;
				ONLY_ACTIVE_ARCH = YES;
				SDKROOT = iphoneos;
			};
			name = Debug;
		};
		BBB95D661B7E3EF2004E192E /* Release */ = {
			isa = XCBuildConfiguration;
			buildSettings = {
				ALWAYS_SEARCH_USER_PATHS = NO;
				CLANG_CXX_LANGUAGE_STANDARD = "gnu++0x";
				CLANG_CXX_LIBRARY = "libc++";
				CLANG_ENABLE_MODULES = YES;
				CLANG_ENABLE_OBJC_ARC = YES;
				CLANG_WARN_BOOL_CONVERSION = YES;
				CLANG_WARN_CONSTANT_CONVERSION = YES;
				CLANG_WARN_DIRECT_OBJC_ISA_USAGE = YES_ERROR;
				CLANG_WARN_EMPTY_BODY = YES;
				CLANG_WARN_ENUM_CONVERSION = YES;
				CLANG_WARN_INT_CONVERSION = YES;
				CLANG_WARN_OBJC_ROOT_CLASS = YES_ERROR;
				CLANG_WARN_UNREACHABLE_CODE = YES;
				CLANG_WARN__DUPLICATE_METHOD_MATCH = YES;
				"CODE_SIGN_IDENTITY[sdk=iphoneos*]" = "iPhone Developer";
				COPY_PHASE_STRIP = NO;
				DEBUG_INFORMATION_FORMAT = "dwarf-with-dsym";
				ENABLE_NS_ASSERTIONS = NO;
				ENABLE_STRICT_OBJC_MSGSEND = YES;
				GCC_C_LANGUAGE_STANDARD = gnu99;
				GCC_NO_COMMON_BLOCKS = YES;
				GCC_WARN_64_TO_32_BIT_CONVERSION = YES;
				GCC_WARN_ABOUT_RETURN_TYPE = YES_ERROR;
				GCC_WARN_UNDECLARED_SELECTOR = YES;
				GCC_WARN_UNINITIALIZED_AUTOS = YES_AGGRESSIVE;
				GCC_WARN_UNUSED_FUNCTION = YES;
				GCC_WARN_UNUSED_VARIABLE = YES;
				IPHONEOS_DEPLOYMENT_TARGET = 8.4;
				MTL_ENABLE_DEBUG_INFO = NO;
				SDKROOT = iphoneos;
				VALIDATE_PRODUCT = YES;
			};
			name = Release;
		};
		BBB95D681B7E3EF2004E192E /* Debug */ = {
			isa = XCBuildConfiguration;
			baseConfigurationReference = DAB661D038478C2C98CA0695 /* Pods-test2.debug.xcconfig */;
			buildSettings = {
				ASSETCATALOG_COMPILER_APPICON_NAME = AppIcon;
				INFOPLIST_FILE = test2/Info.plist;
				IPHONEOS_DEPLOYMENT_TARGET = 8.0;
				LD_RUNPATH_SEARCH_PATHS = "$(inherited) @executable_path/Frameworks";
				PRODUCT_NAME = "$(TARGET_NAME)";
			};
			name = Debug;
		};
		BBB95D691B7E3EF2004E192E /* Release */ = {
			isa = XCBuildConfiguration;
			baseConfigurationReference = DAD3291B16F852C28F0B537C /* Pods-test2.release.xcconfig */;
			buildSettings = {
				ASSETCATALOG_COMPILER_APPICON_NAME = AppIcon;
				INFOPLIST_FILE = test2/Info.plist;
				IPHONEOS_DEPLOYMENT_TARGET = 8.0;
				LD_RUNPATH_SEARCH_PATHS = "$(inherited) @executable_path/Frameworks";
				PRODUCT_NAME = "$(TARGET_NAME)";
			};
			name = Release;
		};
		BBB95D6B1B7E3EF2004E192E /* Debug */ = {
			isa = XCBuildConfiguration;
			buildSettings = {
				BUNDLE_LOADER = "$(TEST_HOST)";
				FRAMEWORK_SEARCH_PATHS = (
					"$(SDKROOT)/Developer/Library/Frameworks",
					"$(inherited)",
				);
				GCC_PREPROCESSOR_DEFINITIONS = (
					"DEBUG=1",
					"$(inherited)",
				);
				INFOPLIST_FILE = test2Tests/Info.plist;
				LD_RUNPATH_SEARCH_PATHS = "$(inherited) @executable_path/Frameworks @loader_path/Frameworks";
				PRODUCT_NAME = "$(TARGET_NAME)";
				TEST_HOST = "$(BUILT_PRODUCTS_DIR)/test2.app/test2";
			};
			name = Debug;
		};
		BBB95D6C1B7E3EF2004E192E /* Release */ = {
			isa = XCBuildConfiguration;
			buildSettings = {
				BUNDLE_LOADER = "$(TEST_HOST)";
				FRAMEWORK_SEARCH_PATHS = (
					"$(SDKROOT)/Developer/Library/Frameworks",
					"$(inherited)",
				);
				INFOPLIST_FILE = test2Tests/Info.plist;
				LD_RUNPATH_SEARCH_PATHS = "$(inherited) @executable_path/Frameworks @loader_path/Frameworks";
				PRODUCT_NAME = "$(TARGET_NAME)";
				TEST_HOST = "$(BUILT_PRODUCTS_DIR)/test2.app/test2";
			};
			name = Release;
		};
/* End XCBuildConfiguration section */

/* Begin XCConfigurationList section */
		BBB95D3F1B7E3EF2004E192E /* Build configuration list for PBXProject "test2" */ = {
			isa = XCConfigurationList;
			buildConfigurations = (
				BBB95D651B7E3EF2004E192E /* Debug */,
				BBB95D661B7E3EF2004E192E /* Release */,
			);
			defaultConfigurationIsVisible = 0;
			defaultConfigurationName = Release;
		};
		BBB95D671B7E3EF2004E192E /* Build configuration list for PBXNativeTarget "test2" */ = {
			isa = XCConfigurationList;
			buildConfigurations = (
				BBB95D681B7E3EF2004E192E /* Debug */,
				BBB95D691B7E3EF2004E192E /* Release */,
			);
			defaultConfigurationIsVisible = 0;
			defaultConfigurationName = Release;
		};
		BBB95D6A1B7E3EF2004E192E /* Build configuration list for PBXNativeTarget "test2Tests" */ = {
			isa = XCConfigurationList;
			buildConfigurations = (
				BBB95D6B1B7E3EF2004E192E /* Debug */,
				BBB95D6C1B7E3EF2004E192E /* Release */,
			);
			defaultConfigurationIsVisible = 0;
			defaultConfigurationName = Release;
		};
/* End XCConfigurationList section */
	};
	rootObject = BBB95D3C1B7E3EF2004E192E /* Project object */;
}
